
Microsoft Visual Studio Solution File, Format Version 12.00
# Visual Studio Version 16
VisualStudioVersion = 16.0.29709.97
MinimumVisualStudioVersion = 10.0.40219.1
Project("{FAE04EC0-301F-11D3-BF4B-00C04F79EFBC}") = "shoppingList", "shoppingList\shoppingList.csproj", "{B1D21075-257E-4C5E-AF63-F56546ECE6A8}"
EndProject
Global
	GlobalSection(SolutionConfigurationPlatforms) = preSolution
		Debug|Any CPU = Debug|Any CPU
		Release|Any CPU = Release|Any CPU
	EndGlobalSection
	GlobalSection(ProjectConfigurationPlatforms) = postSolution
		{B1D21075-257E-4C5E-AF63-F56546ECE6A8}.Debug|Any CPU.ActiveCfg = Debug|Any CPU
		{B1D21075-257E-4C5E-AF63-F56546ECE6A8}.Debug|Any CPU.Build.0 = Debug|Any CPU
		{B1D21075-257E-4C5E-AF63-F56546ECE6A8}.Release|Any CPU.ActiveCfg = Release|Any CPU
		{B1D21075-257E-4C5E-AF63-F56546ECE6A8}.Release|Any CPU.Build.0 = Release|Any CPU
	EndGlobalSection
	GlobalSection(SolutionProperties) = preSolution
		HideSolutionNode = FALSE
	EndGlobalSection
	GlobalSection(ExtensibilityGlobals) = postSolution
		SolutionGuid = {62E426E9-5B3E-403E-B2F5-C74C8D72EE94}
	EndGlobalSection
EndGlobal
